
Microsoft Visual Studio Solution File, Format Version 12.00
# Visual Studio Version 17
VisualStudioVersion = 17.13.35913.81 d17.13
MinimumVisualStudioVersion = 10.0.40219.1
Project("{FAE04EC0-301F-11D3-BF4B-00C04F79EFBC}") = "AiPrReviewer.WebHooks", "AiPrReviewer.WebHooks\AiPrReviewer.WebHooks.csproj", "{FC32E742-7013-BA8C-5AD0-F0E01492A853}"
EndProject
Project("{FAE04EC0-301F-11D3-BF4B-00C04F79EFBC}") = "AiPrReviewer.AppHost", "AiPrReviewer.AppHost\AiPrReviewer.AppHost.csproj", "{13CB0659-86D8-4829-818E-5DD28991344B}"
EndProject
Project("{FAE04EC0-301F-11D3-BF4B-00C04F79EFBC}") = "AiPrReviewer.ServiceDefaults", "AiPrReviewer.ServiceDefaults\AiPrReviewer.ServiceDefaults.csproj", "{8B040D28-CFCA-82FB-3033-49BDAAA60F3F}"
EndProject
Global
	GlobalSection(SolutionConfigurationPlatforms) = preSolution
		Debug|Any CPU = Debug|Any CPU
		Release|Any CPU = Release|Any CPU
	EndGlobalSection
	GlobalSection(ProjectConfigurationPlatforms) = postSolution
		{FC32E742-7013-BA8C-5AD0-F0E01492A853}.Debug|Any CPU.ActiveCfg = Debug|Any CPU
		{FC32E742-7013-BA8C-5AD0-F0E01492A853}.Debug|Any CPU.Build.0 = Debug|Any CPU
		{FC32E742-7013-BA8C-5AD0-F0E01492A853}.Release|Any CPU.ActiveCfg = Release|Any CPU
		{FC32E742-7013-BA8C-5AD0-F0E01492A853}.Release|Any CPU.Build.0 = Release|Any CPU
		{13CB0659-86D8-4829-818E-5DD28991344B}.Debug|Any CPU.ActiveCfg = Debug|Any CPU
		{13CB0659-86D8-4829-818E-5DD28991344B}.Debug|Any CPU.Build.0 = Debug|Any CPU
		{13CB0659-86D8-4829-818E-5DD28991344B}.Release|Any CPU.ActiveCfg = Release|Any CPU
		{13CB0659-86D8-4829-818E-5DD28991344B}.Release|Any CPU.Build.0 = Release|Any CPU
		{8B040D28-CFCA-82FB-3033-49BDAAA60F3F}.Debug|Any CPU.ActiveCfg = Debug|Any CPU
		{8B040D28-CFCA-82FB-3033-49BDAAA60F3F}.Debug|Any CPU.Build.0 = Debug|Any CPU
		{8B040D28-CFCA-82FB-3033-49BDAAA60F3F}.Release|Any CPU.ActiveCfg = Release|Any CPU
		{8B040D28-CFCA-82FB-3033-49BDAAA60F3F}.Release|Any CPU.Build.0 = Release|Any CPU
	EndGlobalSection
	GlobalSection(SolutionProperties) = preSolution
		HideSolutionNode = FALSE
	EndGlobalSection
	GlobalSection(ExtensibilityGlobals) = postSolution
		SolutionGuid = {EE1124C3-939B-4166-B686-CF5D04FDC2FB}
	EndGlobalSection
EndGlobal
